// !$*UTF8*$!
{
	archiveVersion = 1;
	classes = {
	};
	objectVersion = 48;
	objects = {

/* Begin PBXBuildFile section */
		03A96AF220CC1087007A6085 /* main.swift in Sources */ = {isa = PBXBuildFile; fileRef = 03A96AF120CC1087007A6085 /* main.swift */; };
		03A96AF920CC10F5007A6085 /* Operation.swift in Sources */ = {isa = PBXBuildFile; fileRef = 03A96AF820CC10F5007A6085 /* Operation.swift */; };
		03A96AFB20CC130F007A6085 /* Matrix.swift in Sources */ = {isa = PBXBuildFile; fileRef = 03A96AFA20CC130F007A6085 /* Matrix.swift */; };
		03A96AFD20CC133B007A6085 /* EditOperationChain.swift in Sources */ = {isa = PBXBuildFile; fileRef = 03A96AFC20CC133B007A6085 /* EditOperationChain.swift */; };
		03A96AFF20CC13E3007A6085 /* MinumumEditDistanceCalculator.swift in Sources */ = {isa = PBXBuildFile; fileRef = 03A96AFE20CC13E3007A6085 /* MinumumEditDistanceCalculator.swift */; };
		03A96B0120CC157B007A6085 /* helper.swift in Sources */ = {isa = PBXBuildFile; fileRef = 03A96B0020CC157B007A6085 /* helper.swift */; };
/* End PBXBuildFile section */

/* Begin PBXCopyFilesBuildPhase section */
		03A96AEC20CC1087007A6085 /* CopyFiles */ = {
			isa = PBXCopyFilesBuildPhase;
			buildActionMask = 2147483647;
			dstPath = /usr/share/man/man1/;
			dstSubfolderSpec = 0;
			files = (
			);
			runOnlyForDeploymentPostprocessing = 1;
		};
/* End PBXCopyFilesBuildPhase section */

/* Begin PBXFileReference section */
		03A96AEE20CC1087007A6085 /* Levenshtein-Distance */ = {isa = PBXFileReference; explicitFileType = "compiled.mach-o.executable"; includeInIndex = 0; path = "Levenshtein-Distance"; sourceTree = BUILT_PRODUCTS_DIR; };
		03A96AF120CC1087007A6085 /* main.swift */ = {isa = PBXFileReference; lastKnownFileType = sourcecode.swift; path = main.swift; sourceTree = "<group>"; };
		03A96AF820CC10F5007A6085 /* Operation.swift */ = {isa = PBXFileReference; lastKnownFileType = sourcecode.swift; path = Operation.swift; sourceTree = "<group>"; };
		03A96AFA20CC130F007A6085 /* Matrix.swift */ = {isa = PBXFileReference; lastKnownFileType = sourcecode.swift; path = Matrix.swift; sourceTree = "<group>"; };
		03A96AFC20CC133B007A6085 /* EditOperationChain.swift */ = {isa = PBXFileReference; lastKnownFileType = sourcecode.swift; path = EditOperationChain.swift; sourceTree = "<group>"; };
		03A96AFE20CC13E3007A6085 /* MinumumEditDistanceCalculator.swift */ = {isa = PBXFileReference; lastKnownFileType = sourcecode.swift; path = MinumumEditDistanceCalculator.swift; sourceTree = "<group>"; };
		03A96B0020CC157B007A6085 /* helper.swift */ = {isa = PBXFileReference; lastKnownFileType = sourcecode.swift; path = helper.swift; sourceTree = "<group>"; };
/* End PBXFileReference section */

/* Begin PBXFrameworksBuildPhase section */
		03A96AEB20CC1087007A6085 /* Frameworks */ = {
			isa = PBXFrameworksBuildPhase;
			buildActionMask = 2147483647;
			files = (
			);
			runOnlyForDeploymentPostprocessing = 0;
		};
/* End PBXFrameworksBuildPhase section */

/* Begin PBXGroup section */
		03A96AE520CC1087007A6085 = {
			isa = PBXGroup;
			children = (
				03A96AF020CC1087007A6085 /* Levenshtein-Distance */,
				03A96AEF20CC1087007A6085 /* Products */,
			);
			sourceTree = "<group>";
		};
		03A96AEF20CC1087007A6085 /* Products */ = {
			isa = PBXGroup;
			children = (
				03A96AEE20CC1087007A6085 /* Levenshtein-Distance */,
			);
			name = Products;
			sourceTree = "<group>";
		};
		03A96AF020CC1087007A6085 /* Levenshtein-Distance */ = {
			isa = PBXGroup;
			children = (
				03A96AF120CC1087007A6085 /* main.swift */,
				03A96AFE20CC13E3007A6085 /* MinumumEditDistanceCalculator.swift */,
				03A96AFC20CC133B007A6085 /* EditOperationChain.swift */,
				03A96AFA20CC130F007A6085 /* Matrix.swift */,
				03A96AF820CC10F5007A6085 /* Operation.swift */,
				03A96B0020CC157B007A6085 /* helper.swift */,
			);
			path = "Levenshtein-Distance";
			sourceTree = "<group>";
		};
/* End PBXGroup section */

/* Begin PBXNativeTarget section */
		03A96AED20CC1087007A6085 /* Levenshtein-Distance */ = {
			isa = PBXNativeTarget;
			buildConfigurationList = 03A96AF520CC1087007A6085 /* Build configuration list for PBXNativeTarget "Levenshtein-Distance" */;
			buildPhases = (
				03A96AEA20CC1087007A6085 /* Sources */,
				03A96AEB20CC1087007A6085 /* Frameworks */,
				03A96AEC20CC1087007A6085 /* CopyFiles */,
			);
			buildRules = (
			);
			dependencies = (
			);
			name = "Levenshtein-Distance";
			productName = "Levenshtein-Distance";
			productReference = 03A96AEE20CC1087007A6085 /* Levenshtein-Distance */;
			productType = "com.apple.product-type.tool";
		};
/* End PBXNativeTarget section */

/* Begin PBXProject section */
		03A96AE620CC1087007A6085 /* Project object */ = {
			isa = PBXProject;
			attributes = {
				LastSwiftUpdateCheck = 0920;
				LastUpgradeCheck = 0920;
				ORGANIZATIONNAME = "yurii zhuk";
				TargetAttributes = {
					03A96AED20CC1087007A6085 = {
						CreatedOnToolsVersion = 9.2;
						ProvisioningStyle = Automatic;
					};
				};
			};
			buildConfigurationList = 03A96AE920CC1087007A6085 /* Build configuration list for PBXProject "Levenshtein-Distance" */;
			compatibilityVersion = "Xcode 8.0";
			developmentRegion = en;
			hasScannedForEncodings = 0;
			knownRegions = (
				en,
			);
			mainGroup = 03A96AE520CC1087007A6085;
			productRefGroup = 03A96AEF20CC1087007A6085 /* Products */;
			projectDirPath = "";
			projectRoot = "";
			targets = (
				03A96AED20CC1087007A6085 /* Levenshtein-Distance */,
			);
		};
/* End PBXProject section */

/* Begin PBXSourcesBuildPhase section */
		03A96AEA20CC1087007A6085 /* Sources */ = {
			isa = PBXSourcesBuildPhase;
			buildActionMask = 2147483647;
			files = (
				03A96AFF20CC13E3007A6085 /* MinumumEditDistanceCalculator.swift in Sources */,
				03A96AF920CC10F5007A6085 /* Operation.swift in Sources */,
				03A96AFD20CC133B007A6085 /* EditOperationChain.swift in Sources */,
				03A96B0120CC157B007A6085 /* helper.swift in Sources */,
				03A96AF220CC1087007A6085 /* main.swift in Sources */,
				03A96AFB20CC130F007A6085 /* Matrix.swift in Sources */,
			);
			runOnlyForDeploymentPostprocessing = 0;
		};
/* End PBXSourcesBuildPhase section */

/* Begin XCBuildConfiguration section */
		03A96AF320CC1087007A6085 /* Debug */ = {
			isa = XCBuildConfiguration;
			buildSettings = {
				ALWAYS_SEARCH_USER_PATHS = NO;
				CLANG_ANALYZER_NONNULL = YES;
				CLANG_ANALYZER_NUMBER_OBJECT_CONVERSION = YES_AGGRESSIVE;
				CLANG_CXX_LANGUAGE_STANDARD = "gnu++14";
				CLANG_CXX_LIBRARY = "libc++";
				CLANG_ENABLE_MODULES = YES;
				CLANG_ENABLE_OBJC_ARC = YES;
				CLANG_WARN_BLOCK_CAPTURE_AUTORELEASING = YES;
				CLANG_WARN_BOOL_CONVERSION = YES;
				CLANG_WARN_COMMA = YES;
				CLANG_WARN_CONSTANT_CONVERSION = YES;
				CLANG_WARN_DIRECT_OBJC_ISA_USAGE = YES_ERROR;
				CLANG_WARN_DOCUMENTATION_COMMENTS = YES;
				CLANG_WARN_EMPTY_BODY = YES;
				CLANG_WARN_ENUM_CONVERSION = YES;
				CLANG_WARN_INFINITE_RECURSION = YES;
				CLANG_WARN_INT_CONVERSION = YES;
				CLANG_WARN_NON_LITERAL_NULL_CONVERSION = YES;
				CLANG_WARN_OBJC_LITERAL_CONVERSION = YES;
				CLANG_WARN_OBJC_ROOT_CLASS = YES_ERROR;
				CLANG_WARN_RANGE_LOOP_ANALYSIS = YES;
				CLANG_WARN_STRICT_PROTOTYPES = YES;
				CLANG_WARN_SUSPICIOUS_MOVE = YES;
				CLANG_WARN_UNGUARDED_AVAILABILITY = YES_AGGRESSIVE;
				CLANG_WARN_UNREACHABLE_CODE = YES;
				CLANG_WARN__DUPLICATE_METHOD_MATCH = YES;
				CODE_SIGN_IDENTITY = "Mac Developer";
				COPY_PHASE_STRIP = NO;
				DEBUG_INFORMATION_FORMAT = dwarf;
				ENABLE_STRICT_OBJC_MSGSEND = YES;
				ENABLE_TESTABILITY = YES;
				GCC_C_LANGUAGE_STANDARD = gnu11;
				GCC_DYNAMIC_NO_PIC = NO;
				GCC_NO_COMMON_BLOCKS = YES;
				GCC_OPTIMIZATION_LEVEL = 0;
				GCC_PREPROCESSOR_DEFINITIONS = (
					"DEBUG=1",
					"$(inherited)",
				);
				GCC_WARN_64_TO_32_BIT_CONVERSION = YES;
				GCC_WARN_ABOUT_RETURN_TYPE = YES_ERROR;
				GCC_WARN_UNDECLARED_SELECTOR = YES;
				GCC_WARN_UNINITIALIZED_AUTOS = YES_AGGRESSIVE;
				GCC_WARN_UNUSED_FUNCTION = YES;
				GCC_WARN_UNUSED_VARIABLE = YES;
				MACOSX_DEPLOYMENT_TARGET = 10.12;
				MTL_ENABLE_DEBUG_INFO = YES;
				ONLY_ACTIVE_ARCH = YES;
				SDKROOT = macosx;
				SWIFT_ACTIVE_COMPILATION_CONDITIONS = DEBUG;
				SWIFT_OPTIMIZATION_LEVEL = "-Onone";
			};
			name = Debug;
		};
		03A96AF420CC1087007A6085 /* Release */ = {
			isa = XCBuildConfiguration;
			buildSettings = {
				ALWAYS_SEARCH_USER_PATHS = NO;
				CLANG_ANALYZER_NONNULL = YES;
				CLANG_ANALYZER_NUMBER_OBJECT_CONVERSION = YES_AGGRESSIVE;
				CLANG_CXX_LANGUAGE_STANDARD = "gnu++14";
				CLANG_CXX_LIBRARY = "libc++";
				CLANG_ENABLE_MODULES = YES;
				CLANG_ENABLE_OBJC_ARC = YES;
				CLANG_WARN_BLOCK_CAPTURE_AUTORELEASING = YES;
				CLANG_WARN_BOOL_CONVERSION = YES;
				CLANG_WARN_COMMA = YES;
				CLANG_WARN_CONSTANT_CONVERSION = YES;
				CLANG_WARN_DIRECT_OBJC_ISA_USAGE = YES_ERROR;
				CLANG_WARN_DOCUMENTATION_COMMENTS = YES;
				CLANG_WARN_EMPTY_BODY = YES;
				CLANG_WARN_ENUM_CONVERSION = YES;
				CLANG_WARN_INFINITE_RECURSION = YES;
				CLANG_WARN_INT_CONVERSION = YES;
				CLANG_WARN_NON_LITERAL_NULL_CONVERSION = YES;
				CLANG_WARN_OBJC_LITERAL_CONVERSION = YES;
				CLANG_WARN_OBJC_ROOT_CLASS = YES_ERROR;
				CLANG_WARN_RANGE_LOOP_ANALYSIS = YES;
				CLANG_WARN_STRICT_PROTOTYPES = YES;
				CLANG_WARN_SUSPICIOUS_MOVE = YES;
				CLANG_WARN_UNGUARDED_AVAILABILITY = YES_AGGRESSIVE;
				CLANG_WARN_UNREACHABLE_CODE = YES;
				CLANG_WARN__DUPLICATE_METHOD_MATCH = YES;
				CODE_SIGN_IDENTITY = "Mac Developer";
				COPY_PHASE_STRIP = NO;
				DEBUG_INFORMATION_FORMAT = "dwarf-with-dsym";
				ENABLE_NS_ASSERTIONS = NO;
				ENABLE_STRICT_OBJC_MSGSEND = YES;
				GCC_C_LANGUAGE_STANDARD = gnu11;
				GCC_NO_COMMON_BLOCKS = YES;
				GCC_WARN_64_TO_32_BIT_CONVERSION = YES;
				GCC_WARN_ABOUT_RETURN_TYPE = YES_ERROR;
				GCC_WARN_UNDECLARED_SELECTOR = YES;
				GCC_WARN_UNINITIALIZED_AUTOS = YES_AGGRESSIVE;
				GCC_WARN_UNUSED_FUNCTION = YES;
				GCC_WARN_UNUSED_VARIABLE = YES;
				MACOSX_DEPLOYMENT_TARGET = 10.12;
				MTL_ENABLE_DEBUG_INFO = NO;
				SDKROOT = macosx;
				SWIFT_OPTIMIZATION_LEVEL = "-Owholemodule";
			};
			name = Release;
		};
		03A96AF620CC1087007A6085 /* Debug */ = {
			isa = XCBuildConfiguration;
			buildSettings = {
				CODE_SIGN_STYLE = Automatic;
				DEVELOPMENT_TEAM = QG8877DZ36;
				PRODUCT_NAME = "$(TARGET_NAME)";
				SWIFT_VERSION = 4.0;
			};
			name = Debug;
		};
		03A96AF720CC1087007A6085 /* Release */ = {
			isa = XCBuildConfiguration;
			buildSettings = {
				CODE_SIGN_STYLE = Automatic;
				DEVELOPMENT_TEAM = QG8877DZ36;
				PRODUCT_NAME = "$(TARGET_NAME)";
				SWIFT_VERSION = 4.0;
			};
			name = Release;
		};
/* End XCBuildConfiguration section */

/* Begin XCConfigurationList section */
		03A96AE920CC1087007A6085 /* Build configuration list for PBXProject "Levenshtein-Distance" */ = {
			isa = XCConfigurationList;
			buildConfigurations = (
				03A96AF320CC1087007A6085 /* Debug */,
				03A96AF420CC1087007A6085 /* Release */,
			);
			defaultConfigurationIsVisible = 0;
			defaultConfigurationName = Release;
		};
		03A96AF520CC1087007A6085 /* Build configuration list for PBXNativeTarget "Levenshtein-Distance" */ = {
			isa = XCConfigurationList;
			buildConfigurations = (
				03A96AF620CC1087007A6085 /* Debug */,
				03A96AF720CC1087007A6085 /* Release */,
			);
			defaultConfigurationIsVisible = 0;
			defaultConfigurationName = Release;
		};
/* End XCConfigurationList section */
	};
	rootObject = 03A96AE620CC1087007A6085 /* Project object */;
}
